
Microsoft Visual Studio Solution File, Format Version 12.00
# Visual Studio Version 17
VisualStudioVersion = 17.12.35527.113
MinimumVisualStudioVersion = 10.0.40219.1
Project("{FAE04EC0-301F-11D3-BF4B-00C04F79EFBC}") = "DeployTools.Core", "Projects\DeployTools.Core\DeployTools.Core.csproj", "{6EE6BC1C-B962-4E15-BAE0-56F5694F0B57}"
EndProject
Project("{FAE04EC0-301F-11D3-BF4B-00C04F79EFBC}") = "DeployTools.Core.Tests", "Tests\DeployTools.Core.Tests\DeployTools.Core.Tests.csproj", "{C596E116-A36D-4B14-92C5-073E6C9E6DC9}"
EndProject
Project("{2150E333-8FDC-42A3-9474-1A3956D46DE8}") = "Solution Items", "Solution Items", "{1D94F7F5-19FF-4E6D-8E16-5D846A0EB876}"
	ProjectSection(SolutionItems) = preProject
		.editorconfig = .editorconfig
	EndProjectSection
EndProject
Project("{FAE04EC0-301F-11D3-BF4B-00C04F79EFBC}") = "DeployTools.Core.DataAccess", "Projects\DeployTools.Core.DataAccess\DeployTools.Core.DataAccess.csproj", "{B0514AA9-BF8D-4154-B1CD-C65288CFA1FA}"
EndProject
Project("{FAE04EC0-301F-11D3-BF4B-00C04F79EFBC}") = "DeployTools.Web", "Projects\DeployTools.Web\DeployTools.Web.csproj", "{FEED6E9B-D3A5-4512-BC26-4EBF78A2C513}"
EndProject
Project("{FAE04EC0-301F-11D3-BF4B-00C04F79EFBC}") = "DeployTools.Batch", "Projects\DeployTools.Batch\DeployTools.Batch.csproj", "{1F1CC2DA-0C98-4CA8-98B0-5A005CF9F183}"
EndProject
Global
	GlobalSection(SolutionConfigurationPlatforms) = preSolution
		Debug|Any CPU = Debug|Any CPU
		Release|Any CPU = Release|Any CPU
	EndGlobalSection
	GlobalSection(ProjectConfigurationPlatforms) = postSolution
		{6EE6BC1C-B962-4E15-BAE0-56F5694F0B57}.Debug|Any CPU.ActiveCfg = Debug|Any CPU
		{6EE6BC1C-B962-4E15-BAE0-56F5694F0B57}.Debug|Any CPU.Build.0 = Debug|Any CPU
		{6EE6BC1C-B962-4E15-BAE0-56F5694F0B57}.Release|Any CPU.ActiveCfg = Release|Any CPU
		{6EE6BC1C-B962-4E15-BAE0-56F5694F0B57}.Release|Any CPU.Build.0 = Release|Any CPU
		{C596E116-A36D-4B14-92C5-073E6C9E6DC9}.Debug|Any CPU.ActiveCfg = Debug|Any CPU
		{C596E116-A36D-4B14-92C5-073E6C9E6DC9}.Debug|Any CPU.Build.0 = Debug|Any CPU
		{C596E116-A36D-4B14-92C5-073E6C9E6DC9}.Release|Any CPU.ActiveCfg = Release|Any CPU
		{C596E116-A36D-4B14-92C5-073E6C9E6DC9}.Release|Any CPU.Build.0 = Release|Any CPU
		{B0514AA9-BF8D-4154-B1CD-C65288CFA1FA}.Debug|Any CPU.ActiveCfg = Debug|Any CPU
		{B0514AA9-BF8D-4154-B1CD-C65288CFA1FA}.Debug|Any CPU.Build.0 = Debug|Any CPU
		{B0514AA9-BF8D-4154-B1CD-C65288CFA1FA}.Release|Any CPU.ActiveCfg = Release|Any CPU
		{B0514AA9-BF8D-4154-B1CD-C65288CFA1FA}.Release|Any CPU.Build.0 = Release|Any CPU
		{FEED6E9B-D3A5-4512-BC26-4EBF78A2C513}.Debug|Any CPU.ActiveCfg = Debug|Any CPU
		{FEED6E9B-D3A5-4512-BC26-4EBF78A2C513}.Debug|Any CPU.Build.0 = Debug|Any CPU
		{FEED6E9B-D3A5-4512-BC26-4EBF78A2C513}.Release|Any CPU.ActiveCfg = Release|Any CPU
		{FEED6E9B-D3A5-4512-BC26-4EBF78A2C513}.Release|Any CPU.Build.0 = Release|Any CPU
		{1F1CC2DA-0C98-4CA8-98B0-5A005CF9F183}.Debug|Any CPU.ActiveCfg = Debug|Any CPU
		{1F1CC2DA-0C98-4CA8-98B0-5A005CF9F183}.Debug|Any CPU.Build.0 = Debug|Any CPU
		{1F1CC2DA-0C98-4CA8-98B0-5A005CF9F183}.Release|Any CPU.ActiveCfg = Release|Any CPU
		{1F1CC2DA-0C98-4CA8-98B0-5A005CF9F183}.Release|Any CPU.Build.0 = Release|Any CPU
	EndGlobalSection
	GlobalSection(SolutionProperties) = preSolution
		HideSolutionNode = FALSE
	EndGlobalSection
EndGlobal
